schema: '2.0'
stages:
  data_ingestion:
    cmd: python src/CNNClassifier/pipeline/stage_01_data_ingestion.py
    deps:
    - path: config/config.yaml
      hash: md5
      md5: 3c06fa3e0fe42bd1f4bf59a36d173990
      size: 590
    - path: src/CNNClassifier/pipeline/stage_01_data_ingestion.py
      hash: md5
      md5: eca53058921fcd7a84444cad13f87fd6
      size: 977
    outs:
    - path: artifacts/data_ingestion/Chest-CT-Scan-data
      hash: md5
      md5: 904fa45d934ce879b3b1933dca6cb2f1.dir
      size: 49247431
      nfiles: 343
  prepare_base_model:
    cmd: python src/CNNClassifier/pipeline/stage_02_base_model_prep.py
    deps:
    - path: config/config.yaml
      hash: md5
      md5: 3c06fa3e0fe42bd1f4bf59a36d173990
      size: 590
    - path: src/CNNClassifier/pipeline/stage_02_base_model_prep.py
      hash: md5
      md5: 1bd9a1009cfb82dcfb52cc7166f835d3
      size: 980
    params:
      params.yaml:
        CLASSES: 2
        IMAGE_SIZE:
        - 224
        - 224
        - 3
        INCLUDE_TOP: false
        LEARNING_RATE: 0.01
        WEIGHTS: imagenet
    outs:
    - path: artifacts/prepare_base_model
      hash: md5
      md5: 044fa0c28ce911d7af65a893a84d66a5.dir
      size: 118054560
      nfiles: 2
  training:
    cmd: python src/CNNClassifier/pipeline/stage_03_model_training.py
    deps:
    - path: artifacts/data_ingestion/Chest-CT-Scan-data
      hash: md5
      md5: 904fa45d934ce879b3b1933dca6cb2f1.dir
      size: 49247431
      nfiles: 343
    - path: artifacts/prepare_base_model
      hash: md5
      md5: 044fa0c28ce911d7af65a893a84d66a5.dir
      size: 118054560
      nfiles: 2
    - path: config/config.yaml
      hash: md5
      md5: 3c06fa3e0fe42bd1f4bf59a36d173990
      size: 590
    - path: src/CNNClassifier/pipeline/stage_03_model_training.py
      hash: md5
      md5: 9543625271c350ee9ec7f954964ab1dc
      size: 1175
    params:
      params.yaml:
        AUGMENTATION: true
        BATCH_SIZE: 16
        EPOCHS: 3
        IMAGE_SIZE:
        - 224
        - 224
        - 3
    outs:
    - path: artifacts/training/model.h5
      hash: md5
      md5: 883c08d0385a444361501ca666f43224
      size: 59337520
  evaluation:
    cmd: python src/CNNClassifier/pipeline/stage_04_model_evaluation.py
    deps:
    - path: artifacts/data_ingestion/Chest-CT-Scan-data
      hash: md5
      md5: 904fa45d934ce879b3b1933dca6cb2f1.dir
      size: 49247431
      nfiles: 343
    - path: artifacts/training/model.h5
      hash: md5
      md5: 883c08d0385a444361501ca666f43224
      size: 59337520
    - path: config/config.yaml
      hash: md5
      md5: 3c06fa3e0fe42bd1f4bf59a36d173990
      size: 590
    - path: src/CNNClassifier/pipeline/stage_04_model_evaluation.py
      hash: md5
      md5: 9e673dda40b51350edb9b3e69a33df66
      size: 1156
    params:
      params.yaml:
        BATCH_SIZE: 16
        IMAGE_SIZE:
        - 224
        - 224
        - 3
    outs:
    - path: scores.json
      hash: md5
      md5: a583ee21c93fd5e4c0cbc418daabf75c
      size: 72
